// !$*UTF8*$!
{
	archiveVersion = 1;
	classes = {
	};
	objectVersion = 50;
	objects = {

/* Begin PBXBuildFile section */
		9B042478233A202F002BE88D /* AppDelegate.swift in Sources */ = {isa = PBXBuildFile; fileRef = 9B042477233A202F002BE88D /* AppDelegate.swift */; };
		9B04247A233A202F002BE88D /* SceneDelegate.swift in Sources */ = {isa = PBXBuildFile; fileRef = 9B042479233A202F002BE88D /* SceneDelegate.swift */; };
		9B04247C233A202F002BE88D /* ContentView.swift in Sources */ = {isa = PBXBuildFile; fileRef = 9B04247B233A202F002BE88D /* ContentView.swift */; };
		9B04247E233A2033002BE88D /* Assets.xcassets in Resources */ = {isa = PBXBuildFile; fileRef = 9B04247D233A2033002BE88D /* Assets.xcassets */; };
		9B042481233A2033002BE88D /* Preview Assets.xcassets in Resources */ = {isa = PBXBuildFile; fileRef = 9B042480233A2033002BE88D /* Preview Assets.xcassets */; };
		9B042484233A2033002BE88D /* LaunchScreen.storyboard in Resources */ = {isa = PBXBuildFile; fileRef = 9B042482233A2033002BE88D /* LaunchScreen.storyboard */; };
		9B0F1A2C233B73E400E42D89 /* Home.swift in Sources */ = {isa = PBXBuildFile; fileRef = 9B0F1A2B233B73E400E42D89 /* Home.swift */; };
		9B43BACF233C6ADC00F2E1B4 /* HomeList.swift in Sources */ = {isa = PBXBuildFile; fileRef = 9B43BACE233C6ADC00F2E1B4 /* HomeList.swift */; };
		9BB1612C235ADA5100A8E227 /* UpdateStore.swift in Sources */ = {isa = PBXBuildFile; fileRef = 9BB1612B235ADA5100A8E227 /* UpdateStore.swift */; };
		9BB1612E235AEA5400A8E227 /* TabBar.swift in Sources */ = {isa = PBXBuildFile; fileRef = 9BB1612D235AEA5400A8E227 /* TabBar.swift */; };
		9BB16130235B3ECC00A8E227 /* Settings.swift in Sources */ = {isa = PBXBuildFile; fileRef = 9BB1612F235B3ECC00A8E227 /* Settings.swift */; };
		9BB16132235B4B4B00A8E227 /* CertificateRows.swift in Sources */ = {isa = PBXBuildFile; fileRef = 9BB16131235B4B4B00A8E227 /* CertificateRows.swift */; };
		9BE8087F233E2C2B00A8F4F2 /* BlurView.swift in Sources */ = {isa = PBXBuildFile; fileRef = 9BE8087E233E2C2B00A8F4F2 /* BlurView.swift */; };
		9BFF8DFF234E299E006810DE /* UpdateList.swift in Sources */ = {isa = PBXBuildFile; fileRef = 9BFF8DFE234E299E006810DE /* UpdateList.swift */; };
		9BFF8E01234E3286006810DE /* UpdateDetail.swift in Sources */ = {isa = PBXBuildFile; fileRef = 9BFF8E00234E3286006810DE /* UpdateDetail.swift */; };
/* End PBXBuildFile section */

/* Begin PBXFileReference section */
		9B042474233A202F002BE88D /* SwiftUIDemo.app */ = {isa = PBXFileReference; explicitFileType = wrapper.application; includeInIndex = 0; path = SwiftUIDemo.app; sourceTree = BUILT_PRODUCTS_DIR; };
		9B042477233A202F002BE88D /* AppDelegate.swift */ = {isa = PBXFileReference; lastKnownFileType = sourcecode.swift; path = AppDelegate.swift; sourceTree = "<group>"; };
		9B042479233A202F002BE88D /* SceneDelegate.swift */ = {isa = PBXFileReference; lastKnownFileType = sourcecode.swift; path = SceneDelegate.swift; sourceTree = "<group>"; };
		9B04247B233A202F002BE88D /* ContentView.swift */ = {isa = PBXFileReference; lastKnownFileType = sourcecode.swift; path = ContentView.swift; sourceTree = "<group>"; };
		9B04247D233A2033002BE88D /* Assets.xcassets */ = {isa = PBXFileReference; lastKnownFileType = folder.assetcatalog; path = Assets.xcassets; sourceTree = "<group>"; };
		9B042480233A2033002BE88D /* Preview Assets.xcassets */ = {isa = PBXFileReference; lastKnownFileType = folder.assetcatalog; path = "Preview Assets.xcassets"; sourceTree = "<group>"; };
		9B042483233A2033002BE88D /* Base */ = {isa = PBXFileReference; lastKnownFileType = file.storyboard; name = Base; path = Base.lproj/LaunchScreen.storyboard; sourceTree = "<group>"; };
		9B042485233A2033002BE88D /* Info.plist */ = {isa = PBXFileReference; lastKnownFileType = text.plist.xml; path = Info.plist; sourceTree = "<group>"; };
		9B0F1A2B233B73E400E42D89 /* Home.swift */ = {isa = PBXFileReference; lastKnownFileType = sourcecode.swift; path = Home.swift; sourceTree = "<group>"; };
		9B43BACE233C6ADC00F2E1B4 /* HomeList.swift */ = {isa = PBXFileReference; lastKnownFileType = sourcecode.swift; path = HomeList.swift; sourceTree = "<group>"; };
		9BB1612B235ADA5100A8E227 /* UpdateStore.swift */ = {isa = PBXFileReference; lastKnownFileType = sourcecode.swift; path = UpdateStore.swift; sourceTree = "<group>"; };
		9BB1612D235AEA5400A8E227 /* TabBar.swift */ = {isa = PBXFileReference; lastKnownFileType = sourcecode.swift; path = TabBar.swift; sourceTree = "<group>"; };
		9BB1612F235B3ECC00A8E227 /* Settings.swift */ = {isa = PBXFileReference; lastKnownFileType = sourcecode.swift; path = Settings.swift; sourceTree = "<group>"; };
		9BB16131235B4B4B00A8E227 /* CertificateRows.swift */ = {isa = PBXFileReference; lastKnownFileType = sourcecode.swift; path = CertificateRows.swift; sourceTree = "<group>"; };
		9BE8087E233E2C2B00A8F4F2 /* BlurView.swift */ = {isa = PBXFileReference; lastKnownFileType = sourcecode.swift; path = BlurView.swift; sourceTree = "<group>"; };
		9BFF8DFE234E299E006810DE /* UpdateList.swift */ = {isa = PBXFileReference; lastKnownFileType = sourcecode.swift; path = UpdateList.swift; sourceTree = "<group>"; };
		9BFF8E00234E3286006810DE /* UpdateDetail.swift */ = {isa = PBXFileReference; lastKnownFileType = sourcecode.swift; path = UpdateDetail.swift; sourceTree = "<group>"; };
/* End PBXFileReference section */

/* Begin PBXFrameworksBuildPhase section */
		9B042471233A202F002BE88D /* Frameworks */ = {
			isa = PBXFrameworksBuildPhase;
			buildActionMask = 2147483647;
			files = (
			);
			runOnlyForDeploymentPostprocessing = 0;
		};
/* End PBXFrameworksBuildPhase section */

/* Begin PBXGroup section */
		9B04246B233A202F002BE88D = {
			isa = PBXGroup;
			children = (
				9B042476233A202F002BE88D /* SwiftUIDemo */,
				9B042475233A202F002BE88D /* Products */,
			);
			sourceTree = "<group>";
		};
		9B042475233A202F002BE88D /* Products */ = {
			isa = PBXGroup;
			children = (
				9B042474233A202F002BE88D /* SwiftUIDemo.app */,
			);
			name = Products;
			sourceTree = "<group>";
		};
		9B042476233A202F002BE88D /* SwiftUIDemo */ = {
			isa = PBXGroup;
			children = (
				9B042477233A202F002BE88D /* AppDelegate.swift */,
				9B042479233A202F002BE88D /* SceneDelegate.swift */,
				9BB1612D235AEA5400A8E227 /* TabBar.swift */,
				9B04247B233A202F002BE88D /* ContentView.swift */,
				9B0F1A2B233B73E400E42D89 /* Home.swift */,
				9B43BACE233C6ADC00F2E1B4 /* HomeList.swift */,
				9BFF8DFE234E299E006810DE /* UpdateList.swift */,
				9BFF8E00234E3286006810DE /* UpdateDetail.swift */,
				9BB1612B235ADA5100A8E227 /* UpdateStore.swift */,
				9BB1612F235B3ECC00A8E227 /* Settings.swift */,
				9BB16131235B4B4B00A8E227 /* CertificateRows.swift */,
				9BE8087E233E2C2B00A8F4F2 /* BlurView.swift */,
				9B04247D233A2033002BE88D /* Assets.xcassets */,
				9B042482233A2033002BE88D /* LaunchScreen.storyboard */,
				9B042485233A2033002BE88D /* Info.plist */,
				9B04247F233A2033002BE88D /* Preview Content */,
			);
			path = SwiftUIDemo;
			sourceTree = "<group>";
		};
		9B04247F233A2033002BE88D /* Preview Content */ = {
			isa = PBXGroup;
			children = (
				9B042480233A2033002BE88D /* Preview Assets.xcassets */,
			);
			path = "Preview Content";
			sourceTree = "<group>";
		};
/* End PBXGroup section */

/* Begin PBXNativeTarget section */
		9B042473233A202F002BE88D /* SwiftUIDemo */ = {
			isa = PBXNativeTarget;
			buildConfigurationList = 9B042488233A2033002BE88D /* Build configuration list for PBXNativeTarget "SwiftUIDemo" */;
			buildPhases = (
				9B042470233A202F002BE88D /* Sources */,
				9B042471233A202F002BE88D /* Frameworks */,
				9B042472233A202F002BE88D /* Resources */,
			);
			buildRules = (
			);
			dependencies = (
			);
			name = SwiftUIDemo;
			productName = SwiftUIDemo;
			productReference = 9B042474233A202F002BE88D /* SwiftUIDemo.app */;
			productType = "com.apple.product-type.application";
		};
/* End PBXNativeTarget section */

/* Begin PBXProject section */
		9B04246C233A202F002BE88D /* Project object */ = {
			isa = PBXProject;
			attributes = {
				LastSwiftUpdateCheck = 1100;
				LastUpgradeCheck = 1100;
				ORGANIZATIONNAME = Lee;
				TargetAttributes = {
					9B042473233A202F002BE88D = {
						CreatedOnToolsVersion = 11.0;
					};
				};
			};
			buildConfigurationList = 9B04246F233A202F002BE88D /* Build configuration list for PBXProject "SwiftUIDemo" */;
			compatibilityVersion = "Xcode 9.3";
			developmentRegion = en;
			hasScannedForEncodings = 0;
			knownRegions = (
				en,
				Base,
			);
			mainGroup = 9B04246B233A202F002BE88D;
			productRefGroup = 9B042475233A202F002BE88D /* Products */;
			projectDirPath = "";
			projectRoot = "";
			targets = (
				9B042473233A202F002BE88D /* SwiftUIDemo */,
			);
		};
/* End PBXProject section */

/* Begin PBXResourcesBuildPhase section */
		9B042472233A202F002BE88D /* Resources */ = {
			isa = PBXResourcesBuildPhase;
			buildActionMask = 2147483647;
			files = (
				9B042484233A2033002BE88D /* LaunchScreen.storyboard in Resources */,
				9B042481233A2033002BE88D /* Preview Assets.xcassets in Resources */,
				9B04247E233A2033002BE88D /* Assets.xcassets in Resources */,
			);
			runOnlyForDeploymentPostprocessing = 0;
		};
/* End PBXResourcesBuildPhase section */

/* Begin PBXSourcesBuildPhase section */
		9B042470233A202F002BE88D /* Sources */ = {
			isa = PBXSourcesBuildPhase;
			buildActionMask = 2147483647;
			files = (
				9B042478233A202F002BE88D /* AppDelegate.swift in Sources */,
				9BB1612C235ADA5100A8E227 /* UpdateStore.swift in Sources */,
				9BB16132235B4B4B00A8E227 /* CertificateRows.swift in Sources */,
				9BFF8DFF234E299E006810DE /* UpdateList.swift in Sources */,
				9B43BACF233C6ADC00F2E1B4 /* HomeList.swift in Sources */,
				9BFF8E01234E3286006810DE /* UpdateDetail.swift in Sources */,
				9B04247A233A202F002BE88D /* SceneDelegate.swift in Sources */,
				9B0F1A2C233B73E400E42D89 /* Home.swift in Sources */,
				9B04247C233A202F002BE88D /* ContentView.swift in Sources */,
				9BE8087F233E2C2B00A8F4F2 /* BlurView.swift in Sources */,
				9BB16130235B3ECC00A8E227 /* Settings.swift in Sources */,
				9BB1612E235AEA5400A8E227 /* TabBar.swift in Sources */,
			);
			runOnlyForDeploymentPostprocessing = 0;
		};
/* End PBXSourcesBuildPhase section */

/* Begin PBXVariantGroup section */
		9B042482233A2033002BE88D /* LaunchScreen.storyboard */ = {
			isa = PBXVariantGroup;
			children = (
				9B042483233A2033002BE88D /* Base */,
			);
			name = LaunchScreen.storyboard;
			sourceTree = "<group>";
		};
/* End PBXVariantGroup section */

/* Begin XCBuildConfiguration section */
		9B042486233A2033002BE88D /* Debug */ = {
			isa = XCBuildConfiguration;
			buildSettings = {
				ALWAYS_SEARCH_USER_PATHS = NO;
				CLANG_ANALYZER_NONNULL = YES;
				CLANG_ANALYZER_NUMBER_OBJECT_CONVERSION = YES_AGGRESSIVE;
				CLANG_CXX_LANGUAGE_STANDARD = "gnu++14";
				CLANG_CXX_LIBRARY = "libc++";
				CLANG_ENABLE_MODULES = YES;
				CLANG_ENABLE_OBJC_ARC = YES;
				CLANG_ENABLE_OBJC_WEAK = YES;
				CLANG_WARN_BLOCK_CAPTURE_AUTORELEASING = YES;
				CLANG_WARN_BOOL_CONVERSION = YES;
				CLANG_WARN_COMMA = YES;
				CLANG_WARN_CONSTANT_CONVERSION = YES;
				CLANG_WARN_DEPRECATED_OBJC_IMPLEMENTATIONS = YES;
				CLANG_WARN_DIRECT_OBJC_ISA_USAGE = YES_ERROR;
				CLANG_WARN_DOCUMENTATION_COMMENTS = YES;
				CLANG_WARN_EMPTY_BODY = YES;
				CLANG_WARN_ENUM_CONVERSION = YES;
				CLANG_WARN_INFINITE_RECURSION = YES;
				CLANG_WARN_INT_CONVERSION = YES;
				CLANG_WARN_NON_LITERAL_NULL_CONVERSION = YES;
				CLANG_WARN_OBJC_IMPLICIT_RETAIN_SELF = YES;
				CLANG_WARN_OBJC_LITERAL_CONVERSION = YES;
				CLANG_WARN_OBJC_ROOT_CLASS = YES_ERROR;
				CLANG_WARN_RANGE_LOOP_ANALYSIS = YES;
				CLANG_WARN_STRICT_PROTOTYPES = YES;
				CLANG_WARN_SUSPICIOUS_MOVE = YES;
				CLANG_WARN_UNGUARDED_AVAILABILITY = YES_AGGRESSIVE;
				CLANG_WARN_UNREACHABLE_CODE = YES;
				CLANG_WARN__DUPLICATE_METHOD_MATCH = YES;
				COPY_PHASE_STRIP = NO;
				DEBUG_INFORMATION_FORMAT = dwarf;
				ENABLE_STRICT_OBJC_MSGSEND = YES;
				ENABLE_TESTABILITY = YES;
				GCC_C_LANGUAGE_STANDARD = gnu11;
				GCC_DYNAMIC_NO_PIC = NO;
				GCC_NO_COMMON_BLOCKS = YES;
				GCC_OPTIMIZATION_LEVEL = 0;
				GCC_PREPROCESSOR_DEFINITIONS = (
					"DEBUG=1",
					"$(inherited)",
				);
				GCC_WARN_64_TO_32_BIT_CONVERSION = YES;
				GCC_WARN_ABOUT_RETURN_TYPE = YES_ERROR;
				GCC_WARN_UNDECLARED_SELECTOR = YES;
				GCC_WARN_UNINITIALIZED_AUTOS = YES_AGGRESSIVE;
				GCC_WARN_UNUSED_FUNCTION = YES;
				GCC_WARN_UNUSED_VARIABLE = YES;
				IPHONEOS_DEPLOYMENT_TARGET = 13.0;
				MTL_ENABLE_DEBUG_INFO = INCLUDE_SOURCE;
				MTL_FAST_MATH = YES;
				ONLY_ACTIVE_ARCH = YES;
				SDKROOT = iphoneos;
				SWIFT_ACTIVE_COMPILATION_CONDITIONS = DEBUG;
				SWIFT_OPTIMIZATION_LEVEL = "-Onone";
			};
			name = Debug;
		};
		9B042487233A2033002BE88D /* Release */ = {
			isa = XCBuildConfiguration;
			buildSettings = {
				ALWAYS_SEARCH_USER_PATHS = NO;
				CLANG_ANALYZER_NONNULL = YES;
				CLANG_ANALYZER_NUMBER_OBJECT_CONVERSION = YES_AGGRESSIVE;
				CLANG_CXX_LANGUAGE_STANDARD = "gnu++14";
				CLANG_CXX_LIBRARY = "libc++";
				CLANG_ENABLE_MODULES = YES;
				CLANG_ENABLE_OBJC_ARC = YES;
				CLANG_ENABLE_OBJC_WEAK = YES;
				CLANG_WARN_BLOCK_CAPTURE_AUTORELEASING = YES;
				CLANG_WARN_BOOL_CONVERSION = YES;
				CLANG_WARN_COMMA = YES;
				CLANG_WARN_CONSTANT_CONVERSION = YES;
				CLANG_WARN_DEPRECATED_OBJC_IMPLEMENTATIONS = YES;
				CLANG_WARN_DIRECT_OBJC_ISA_USAGE = YES_ERROR;
				CLANG_WARN_DOCUMENTATION_COMMENTS = YES;
				CLANG_WARN_EMPTY_BODY = YES;
				CLANG_WARN_ENUM_CONVERSION = YES;
				CLANG_WARN_INFINITE_RECURSION = YES;
				CLANG_WARN_INT_CONVERSION = YES;
				CLANG_WARN_NON_LITERAL_NULL_CONVERSION = YES;
				CLANG_WARN_OBJC_IMPLICIT_RETAIN_SELF = YES;
				CLANG_WARN_OBJC_LITERAL_CONVERSION = YES;
				CLANG_WARN_OBJC_ROOT_CLASS = YES_ERROR;
				CLANG_WARN_RANGE_LOOP_ANALYSIS = YES;
				CLANG_WARN_STRICT_PROTOTYPES = YES;
				CLANG_WARN_SUSPICIOUS_MOVE = YES;
				CLANG_WARN_UNGUARDED_AVAILABILITY = YES_AGGRESSIVE;
				CLANG_WARN_UNREACHABLE_CODE = YES;
				CLANG_WARN__DUPLICATE_METHOD_MATCH = YES;
				COPY_PHASE_STRIP = NO;
				DEBUG_INFORMATION_FORMAT = "dwarf-with-dsym";
				ENABLE_NS_ASSERTIONS = NO;
				ENABLE_STRICT_OBJC_MSGSEND = YES;
				GCC_C_LANGUAGE_STANDARD = gnu11;
				GCC_NO_COMMON_BLOCKS = YES;
				GCC_WARN_64_TO_32_BIT_CONVERSION = YES;
				GCC_WARN_ABOUT_RETURN_TYPE = YES_ERROR;
				GCC_WARN_UNDECLARED_SELECTOR = YES;
				GCC_WARN_UNINITIALIZED_AUTOS = YES_AGGRESSIVE;
				GCC_WARN_UNUSED_FUNCTION = YES;
				GCC_WARN_UNUSED_VARIABLE = YES;
				IPHONEOS_DEPLOYMENT_TARGET = 13.0;
				MTL_ENABLE_DEBUG_INFO = NO;
				MTL_FAST_MATH = YES;
				SDKROOT = iphoneos;
				SWIFT_COMPILATION_MODE = wholemodule;
				SWIFT_OPTIMIZATION_LEVEL = "-O";
				VALIDATE_PRODUCT = YES;
			};
			name = Release;
		};
		9B042489233A2033002BE88D /* Debug */ = {
			isa = XCBuildConfiguration;
			buildSettings = {
				ASSETCATALOG_COMPILER_APPICON_NAME = AppIcon;
				CODE_SIGN_STYLE = Automatic;
				DEVELOPMENT_ASSET_PATHS = "\"SwiftUIDemo/Preview Content\"";
				DEVELOPMENT_TEAM = GGP5472W8N;
				ENABLE_PREVIEWS = YES;
				INFOPLIST_FILE = SwiftUIDemo/Info.plist;
				LD_RUNPATH_SEARCH_PATHS = (
					"$(inherited)",
					"@executable_path/Frameworks",
				);
				PRODUCT_BUNDLE_IDENTIFIER = com.lee.SwiftUIDemo;
				PRODUCT_NAME = "$(TARGET_NAME)";
				SWIFT_VERSION = 5.0;
				TARGETED_DEVICE_FAMILY = "1,2";
			};
			name = Debug;
		};
		9B04248A233A2033002BE88D /* Release */ = {
			isa = XCBuildConfiguration;
			buildSettings = {
				ASSETCATALOG_COMPILER_APPICON_NAME = AppIcon;
				CODE_SIGN_STYLE = Automatic;
				DEVELOPMENT_ASSET_PATHS = "\"SwiftUIDemo/Preview Content\"";
				DEVELOPMENT_TEAM = GGP5472W8N;
				ENABLE_PREVIEWS = YES;
				INFOPLIST_FILE = SwiftUIDemo/Info.plist;
				LD_RUNPATH_SEARCH_PATHS = (
					"$(inherited)",
					"@executable_path/Frameworks",
				);
				PRODUCT_BUNDLE_IDENTIFIER = com.lee.SwiftUIDemo;
				PRODUCT_NAME = "$(TARGET_NAME)";
				SWIFT_VERSION = 5.0;
				TARGETED_DEVICE_FAMILY = "1,2";
			};
			name = Release;
		};
/* End XCBuildConfiguration section */

/* Begin XCConfigurationList section */
		9B04246F233A202F002BE88D /* Build configuration list for PBXProject "SwiftUIDemo" */ = {
			isa = XCConfigurationList;
			buildConfigurations = (
				9B042486233A2033002BE88D /* Debug */,
				9B042487233A2033002BE88D /* Release */,
			);
			defaultConfigurationIsVisible = 0;
			defaultConfigurationName = Release;
		};
		9B042488233A2033002BE88D /* Build configuration list for PBXNativeTarget "SwiftUIDemo" */ = {
			isa = XCConfigurationList;
			buildConfigurations = (
				9B042489233A2033002BE88D /* Debug */,
				9B04248A233A2033002BE88D /* Release */,
			);
			defaultConfigurationIsVisible = 0;
			defaultConfigurationName = Release;
		};
/* End XCConfigurationList section */
	};
	rootObject = 9B04246C233A202F002BE88D /* Project object */;
}
